<?xml version="1.0" encoding="utf-8"?>
<Project ToolsVersion="4.0" xmlns="http://schemas.microsoft.com/developer/msbuild/2003">
  <ItemGroup>
    <Filter Include="Source Files">
      <UniqueIdentifier>{4FC737F1-C7A5-4376-A066-2A32D752A2FF}</UniqueIdentifier>
      <Extensions>cpp;c;cc;cxx;def;odl;idl;hpj;bat;asm;asmx</Extensions>
    </Filter>
    <Filter Include="Header Files">
      <UniqueIdentifier>{93995380-89BD-4b04-88EB-625FBE52EBFB}</UniqueIdentifier>
      <Extensions>h;hh;hpp;hxx;hm;inl;inc;xsd</Extensions>
    </Filter>
    <Filter Include="Resource Files">
      <UniqueIdentifier>{67DA6AB6-F800-4c08-8B7A-83BB121AAD01}</UniqueIdentifier>
      <Extensions>rc;ico;cur;bmp;dlg;rc2;rct;bin;rgs;gif;jpg;jpeg;jpe;resx;tiff;tif;png;wav;mfcribbon-ms</Extensions>
    </Filter>
    <Filter Include="Source Files\Animations">
      <UniqueIdentifier>{994e814c-01ff-4ce9-9021-ef5f888181da}</UniqueIdentifier>
    </Filter>
    <Filter Include="Header Files\Animations">
      <UniqueIdentifier>{608a4e9b-e2e1-43dd-93b5-bdead5fb7733}</UniqueIdentifier>
    </Filter>
    <Filter Include="Source Files\Weapons">
      <UniqueIdentifier>{adf1cc52-34f3-4f0c-bc09-3a4f579c5153}</UniqueIdentifier>
    </Filter>
    <Filter Include="Header Files\Weapons">
      <UniqueIdentifier>{c33fe824-19e7-41e2-bc7d-80a4b32a40df}</UniqueIdentifier>
    </Filter>
    <Filter Include="Header Files\Enemies">
      <UniqueIdentifier>{59a1802f-2e48-4bbf-ad74-ff8811e48b5f}</UniqueIdentifier>
    </Filter>
    <Filter Include="Source Files\Enemies">
      <UniqueIdentifier>{f46cca70-1f59-495c-b5d2-641fdce216ca}</UniqueIdentifier>
    </Filter>
  </ItemGroup>
  <ItemGroup>
    <ClCompile Include="main.cpp">
      <Filter>Source Files</Filter>
    </ClCompile>
    <ClCompile Include="block.cpp">
      <Filter>Source Files</Filter>
    </ClCompile>
    <ClCompile Include="level01_state.cpp">
      <Filter>Source Files</Filter>
    </ClCompile>
    <ClCompile Include="object.cpp">
      <Filter>Source Files</Filter>
    </ClCompile>
    <ClCompile Include="player.cpp">
      <Filter>Source Files</Filter>
    </ClCompile>
    <ClCompile Include="sound_manager.cpp">
      <Filter>Source Files</Filter>
    </ClCompile>
    <ClCompile Include="state.cpp">
      <Filter>Source Files</Filter>
    </ClCompile>
    <ClCompile Include="texture_manager.cpp">
      <Filter>Source Files</Filter>
    </ClCompile>
    <ClCompile Include="input_handler.cpp">
      <Filter>Source Files</Filter>
    </ClCompile>
    <ClCompile Include="menu_state.cpp">
      <Filter>Source Files</Filter>
    </ClCompile>
    <ClCompile Include="state_manager.cpp">
      <Filter>Source Files</Filter>
    </ClCompile>
    <ClCompile Include="room.cpp">
      <Filter>Source Files</Filter>
    </ClCompile>
    <ClCompile Include="options_state.cpp">
      <Filter>Source Files</Filter>
    </ClCompile>
    <ClCompile Include="obelisk.cpp">
      <Filter>Source Files</Filter>
    </ClCompile>
    <ClCompile Include="level_editor_state.cpp">
      <Filter>Source Files</Filter>
    </ClCompile>
    <ClCompile Include="chest.cpp">
      <Filter>Source Files</Filter>
    </ClCompile>
    <ClCompile Include="damageable_object.cpp">
      <Filter>Source Files</Filter>
    </ClCompile>
    <ClCompile Include="dialogue.cpp">
      <Filter>Source Files</Filter>
    </ClCompile>
    <ClCompile Include="particle.cpp">
      <Filter>Source Files</Filter>
    </ClCompile>
    <ClCompile Include="blood_particle.cpp">
      <Filter>Source Files</Filter>
    </ClCompile>
    <ClCompile Include="demo_state.cpp">
      <Filter>Source Files</Filter>
    </ClCompile>
    <ClCompile Include="level_state.cpp">
      <Filter>Source Files</Filter>
    </ClCompile>
    <ClCompile Include="sprite_util.cpp">
      <Filter>Source Files</Filter>
    </ClCompile>
    <ClCompile Include="weapondrop.cpp">
      <Filter>Source Files</Filter>
    </ClCompile>
    <ClCompile Include="animations\combined_animations.cpp">
      <Filter>Source Files\Animations</Filter>
    </ClCompile>
    <ClCompile Include="animations\dim_animation.cpp">
      <Filter>Source Files\Animations</Filter>
    </ClCompile>
    <ClCompile Include="animations\fade_in_animation.cpp">
      <Filter>Source Files\Animations</Filter>
    </ClCompile>
    <ClCompile Include="animations\flash_animation.cpp">
      <Filter>Source Files\Animations</Filter>
    </ClCompile>
    <ClCompile Include="animations\modal_animation.cpp">
      <Filter>Source Files\Animations</Filter>
    </ClCompile>
    <ClCompile Include="animations\sprite_animation.cpp">
      <Filter>Source Files\Animations</Filter>
    </ClCompile>
    <ClCompile Include="weapons\hammer.cpp">
      <Filter>Source Files\Weapons</Filter>
    </ClCompile>
    <ClCompile Include="weapons\flame.cpp">
      <Filter>Source Files\Weapons</Filter>
    </ClCompile>
    <ClCompile Include="weapons\spear.cpp">
      <Filter>Source Files\Weapons</Filter>
    </ClCompile>
    <ClCompile Include="weapons\torch.cpp">
      <Filter>Source Files\Weapons</Filter>
    </ClCompile>
    <ClCompile Include="weapons\super_trident.cpp">
      <Filter>Source Files\Weapons</Filter>
    </ClCompile>
    <ClCompile Include="weapons\super_spear.cpp">
      <Filter>Source Files\Weapons</Filter>
    </ClCompile>
    <ClCompile Include="weapons\super_hammer.cpp">
      <Filter>Source Files\Weapons</Filter>
    </ClCompile>
    <ClCompile Include="weapons\trident.cpp">
      <Filter>Source Files\Weapons</Filter>
    </ClCompile>
    <ClCompile Include="weapons\weapon.cpp">
      <Filter>Source Files\Weapons</Filter>
    </ClCompile>
    <ClCompile Include="zombie.cpp">
      <Filter>Source Files\Enemies</Filter>
    </ClCompile>
    <ClCompile Include="handeye.cpp">
      <Filter>Source Files\Enemies</Filter>
    </ClCompile>
    <ClCompile Include="armourdrop.cpp">
      <Filter>Source Files</Filter>
    </ClCompile>
    <ClCompile Include="weapons\melee_weapon.cpp">
      <Filter>Source Files\Weapons</Filter>
    </ClCompile>
    <ClCompile Include="weapons\sword.cpp">
      <Filter>Source Files\Weapons</Filter>
    </ClCompile>
    <ClCompile Include="enemy_explosion.cpp">
      <Filter>Source Files\Enemies</Filter>
    </ClCompile>
    <ClCompile Include="weapons\player_weapon.cpp">
      <Filter>Source Files\Weapons</Filter>
    </ClCompile>
    <ClCompile Include="casket.cpp">
      <Filter>Source Files\Enemies</Filter>
    </ClCompile>
    <ClCompile Include="static_resource.c">
      <Filter>Source Files</Filter>
    </ClCompile>
    <ClCompile Include="weapons\axe.cpp">
      <Filter>Source Files\Weapons</Filter>
    </ClCompile>
    <ClCompile Include="weapons\war_hammer.cpp">
      <Filter>Source Files\Weapons</Filter>
    </ClCompile>
  </ItemGroup>
  <ItemGroup>
    <ClInclude Include="block.h">
      <Filter>Header Files</Filter>
    </ClInclude>
    <ClInclude Include="globals.h">
      <Filter>Header Files</Filter>
    </ClInclude>
    <ClInclude Include="level01_state.h">
      <Filter>Header Files</Filter>
    </ClInclude>
    <ClInclude Include="object.h">
      <Filter>Header Files</Filter>
    </ClInclude>
    <ClInclude Include="player.h">
      <Filter>Header Files</Filter>
    </ClInclude>
    <ClInclude Include="sound_manager.h">
      <Filter>Header Files</Filter>
    </ClInclude>
    <ClInclude Include="state.h">
      <Filter>Header Files</Filter>
    </ClInclude>
    <ClInclude Include="texture_manager.h">
      <Filter>Header Files</Filter>
    </ClInclude>
    <ClInclude Include="input_handler.h">
      <Filter>Header Files</Filter>
    </ClInclude>
    <ClInclude Include="menu_state.h">
      <Filter>Header Files</Filter>
    </ClInclude>
    <ClInclude Include="state_manager.h">
      <Filter>Header Files</Filter>
    </ClInclude>
    <ClInclude Include="room.h">
      <Filter>Header Files</Filter>
    </ClInclude>
    <ClInclude Include="options_state.h">
      <Filter>Header Files</Filter>
    </ClInclude>
    <ClInclude Include="settings.h">
      <Filter>Header Files</Filter>
    </ClInclude>
    <ClInclude Include="obelisk.h">
      <Filter>Header Files</Filter>
    </ClInclude>
    <ClInclude Include="level_editor_state.h">
      <Filter>Header Files</Filter>
    </ClInclude>
    <ClInclude Include="chest.h">
      <Filter>Header Files</Filter>
    </ClInclude>
    <ClInclude Include="damageable_object.h">
      <Filter>Header Files</Filter>
    </ClInclude>
    <ClInclude Include="dialogue.h">
      <Filter>Header Files</Filter>
    </ClInclude>
    <ClInclude Include="particle.h">
      <Filter>Header Files</Filter>
    </ClInclude>
    <ClInclude Include="blood_particle.h">
      <Filter>Header Files</Filter>
    </ClInclude>
    <ClInclude Include="demo_state.h">
      <Filter>Header Files</Filter>
    </ClInclude>
    <ClInclude Include="level_state.h">
      <Filter>Header Files</Filter>
    </ClInclude>
    <ClInclude Include="sprite_util.h">
      <Filter>Header Files</Filter>
    </ClInclude>
    <ClInclude Include="weapondrop.h">
      <Filter>Header Files</Filter>
    </ClInclude>
    <ClInclude Include="animations\combined_animations.h">
      <Filter>Header Files\Animations</Filter>
    </ClInclude>
    <ClInclude Include="animations\dim_animation.h">
      <Filter>Header Files\Animations</Filter>
    </ClInclude>
    <ClInclude Include="animations\fade_in_animation.h">
      <Filter>Header Files\Animations</Filter>
    </ClInclude>
    <ClInclude Include="animations\flash_animation.h">
      <Filter>Header Files\Animations</Filter>
    </ClInclude>
    <ClInclude Include="animations\modal_animation.h">
      <Filter>Header Files\Animations</Filter>
    </ClInclude>
    <ClInclude Include="animations\sprite_animation.h">
      <Filter>Header Files\Animations</Filter>
    </ClInclude>
    <ClInclude Include="weapons\weapon.h">
      <Filter>Header Files\Weapons</Filter>
    </ClInclude>
    <ClInclude Include="weapons\super_hammer.h">
      <Filter>Header Files\Weapons</Filter>
    </ClInclude>
    <ClInclude Include="weapons\super_spear.h">
      <Filter>Header Files\Weapons</Filter>
    </ClInclude>
    <ClInclude Include="weapons\super_trident.h">
      <Filter>Header Files\Weapons</Filter>
    </ClInclude>
    <ClInclude Include="weapons\flame.h">
      <Filter>Header Files\Weapons</Filter>
    </ClInclude>
    <ClInclude Include="weapons\spear.h">
      <Filter>Header Files\Weapons</Filter>
    </ClInclude>
    <ClInclude Include="weapons\torch.h">
      <Filter>Header Files\Weapons</Filter>
    </ClInclude>
    <ClInclude Include="weapons\trident.h">
      <Filter>Header Files\Weapons</Filter>
    </ClInclude>
    <ClInclude Include="weapons\hammer.h">
      <Filter>Header Files\Weapons</Filter>
    </ClInclude>
    <ClInclude Include="handeye.h">
      <Filter>Header Files\Enemies</Filter>
    </ClInclude>
    <ClInclude Include="zombie.h">
      <Filter>Header Files\Enemies</Filter>
    </ClInclude>
    <ClInclude Include="armourdrop.h">
      <Filter>Header Files</Filter>
    </ClInclude>
    <ClInclude Include="weapons\melee_weapon.h">
      <Filter>Header Files\Weapons</Filter>
    </ClInclude>
    <ClInclude Include="weapons\sword.h">
      <Filter>Header Files\Weapons</Filter>
    </ClInclude>
    <ClInclude Include="enemy_explosion.h">
      <Filter>Header Files\Enemies</Filter>
    </ClInclude>
    <ClInclude Include="weapons\player_weapon.h">
      <Filter>Header Files\Weapons</Filter>
    </ClInclude>
    <ClInclude Include="player_armour.h">
      <Filter>Header Files</Filter>
    </ClInclude>
    <ClInclude Include="casket.h">
      <Filter>Header Files\Enemies</Filter>
    </ClInclude>
    <ClInclude Include="static_resource.h">
      <Filter>Header Files</Filter>
    </ClInclude>
    <ClInclude Include="weapons\axe.h">
      <Filter>Header Files\Weapons</Filter>
    </ClInclude>
    <ClInclude Include="weapons\war_hammer.h">
      <Filter>Header Files\Weapons</Filter>
    </ClInclude>
  </ItemGroup>
</Project>